// !$*UTF8*$!
{
	archiveVersion = 1;
	classes = {
	};
	objectVersion = 46;
	objects = {

/* Begin PBXBuildFile section */
		041EE5301E70C010006D623B /* AppDelegate.swift in Sources */ = {isa = PBXBuildFile; fileRef = 041EE52F1E70C010006D623B /* AppDelegate.swift */; };
		041EE5351E70C011006D623B /* Main.storyboard in Resources */ = {isa = PBXBuildFile; fileRef = 041EE5331E70C011006D623B /* Main.storyboard */; };
		041EE5371E70C011006D623B /* Assets.xcassets in Resources */ = {isa = PBXBuildFile; fileRef = 041EE5361E70C011006D623B /* Assets.xcassets */; };
		041EE53A1E70C011006D623B /* LaunchScreen.storyboard in Resources */ = {isa = PBXBuildFile; fileRef = 041EE5381E70C011006D623B /* LaunchScreen.storyboard */; };
		041EE5451E70C012006D623B /* TargeterTests.swift in Sources */ = {isa = PBXBuildFile; fileRef = 041EE5441E70C012006D623B /* TargeterTests.swift */; };
		041EE5501E70C012006D623B /* TargeterUITests.swift in Sources */ = {isa = PBXBuildFile; fileRef = 041EE54F1E70C012006D623B /* TargeterUITests.swift */; };
		041EE5631E70C1CD006D623B /* Model.xcdatamodeld in Sources */ = {isa = PBXBuildFile; fileRef = 041EE5611E70C1CD006D623B /* Model.xcdatamodeld */; };
		041EE5651E70C23B006D623B /* CoreDataStack.swift in Sources */ = {isa = PBXBuildFile; fileRef = 041EE5641E70C23B006D623B /* CoreDataStack.swift */; };
		041EE56C1E70D05C006D623B /* Success+CoreDataClass.swift in Sources */ = {isa = PBXBuildFile; fileRef = 041EE5661E70D05B006D623B /* Success+CoreDataClass.swift */; };
		041EE56D1E70D05C006D623B /* Success+CoreDataProperties.swift in Sources */ = {isa = PBXBuildFile; fileRef = 041EE5671E70D05C006D623B /* Success+CoreDataProperties.swift */; };
		041EE56E1E70D05C006D623B /* Target+CoreDataClass.swift in Sources */ = {isa = PBXBuildFile; fileRef = 041EE5681E70D05C006D623B /* Target+CoreDataClass.swift */; };
		041EE56F1E70D05C006D623B /* Target+CoreDataProperties.swift in Sources */ = {isa = PBXBuildFile; fileRef = 041EE5691E70D05C006D623B /* Target+CoreDataProperties.swift */; };
		041EE5701E70D05C006D623B /* Schedule+CoreDataClass.swift in Sources */ = {isa = PBXBuildFile; fileRef = 041EE56A1E70D05C006D623B /* Schedule+CoreDataClass.swift */; };
		041EE5711E70D05C006D623B /* Schedule+CoreDataProperties.swift in Sources */ = {isa = PBXBuildFile; fileRef = 041EE56B1E70D05C006D623B /* Schedule+CoreDataProperties.swift */; };
		041EE5731E70E4A7006D623B /* TargetsVC.swift in Sources */ = {isa = PBXBuildFile; fileRef = 041EE5721E70E4A7006D623B /* TargetsVC.swift */; };
		041EE5751E70FD6F006D623B /* AddTargetVC.swift in Sources */ = {isa = PBXBuildFile; fileRef = 041EE5741E70FD6F006D623B /* AddTargetVC.swift */; };
		04416CFE1E774541003BCDD3 /* FlickrClient.swift in Sources */ = {isa = PBXBuildFile; fileRef = 04416CFC1E774541003BCDD3 /* FlickrClient.swift */; };
		04416CFF1E774541003BCDD3 /* FlickrConstants.swift in Sources */ = {isa = PBXBuildFile; fileRef = 04416CFD1E774541003BCDD3 /* FlickrConstants.swift */; };
		04416D011E77B915003BCDD3 /* ImageCell.swift in Sources */ = {isa = PBXBuildFile; fileRef = 04416D001E77B915003BCDD3 /* ImageCell.swift */; };
		044D572C1E788D7D00AF1545 /* ImageSearch+CoreDataClass.swift in Sources */ = {isa = PBXBuildFile; fileRef = 044D57281E788D7C00AF1545 /* ImageSearch+CoreDataClass.swift */; };
		044D572D1E788D7D00AF1545 /* ImageSearch+CoreDataProperties.swift in Sources */ = {isa = PBXBuildFile; fileRef = 044D57291E788D7D00AF1545 /* ImageSearch+CoreDataProperties.swift */; };
		044D572E1E788D7D00AF1545 /* Image+CoreDataClass.swift in Sources */ = {isa = PBXBuildFile; fileRef = 044D572A1E788D7D00AF1545 /* Image+CoreDataClass.swift */; };
		044D572F1E788D7D00AF1545 /* Image+CoreDataProperties.swift in Sources */ = {isa = PBXBuildFile; fileRef = 044D572B1E788D7D00AF1545 /* Image+CoreDataProperties.swift */; };
		044ED1441E77362800F61A33 /* ImageFromFlickerVC.swift in Sources */ = {isa = PBXBuildFile; fileRef = 044ED1431E77362800F61A33 /* ImageFromFlickerVC.swift */; };
		047A353E1E712CFB0084AD68 /* TargetCell.swift in Sources */ = {isa = PBXBuildFile; fileRef = 047A353D1E712CFB0084AD68 /* TargetCell.swift */; };
		0493A3A41E7F5FAA0018C5BE /* Extensions.swift in Sources */ = {isa = PBXBuildFile; fileRef = 0493A3A31E7F5FAA0018C5BE /* Extensions.swift */; };
		92DD6CAA7BD32A967C46C223 /* Pods_Targeter.framework in Frameworks */ = {isa = PBXBuildFile; fileRef = C3C4132ADFA3D653ED1EF252 /* Pods_Targeter.framework */; };
/* End PBXBuildFile section */

/* Begin PBXContainerItemProxy section */
		041EE5411E70C012006D623B /* PBXContainerItemProxy */ = {
			isa = PBXContainerItemProxy;
			containerPortal = 041EE5241E70C010006D623B /* Project object */;
			proxyType = 1;
			remoteGlobalIDString = 041EE52B1E70C010006D623B;
			remoteInfo = Targeter;
		};
		041EE54C1E70C012006D623B /* PBXContainerItemProxy */ = {
			isa = PBXContainerItemProxy;
			containerPortal = 041EE5241E70C010006D623B /* Project object */;
			proxyType = 1;
			remoteGlobalIDString = 041EE52B1E70C010006D623B;
			remoteInfo = Targeter;
		};
/* End PBXContainerItemProxy section */

/* Begin PBXFileReference section */
		041EE52C1E70C010006D623B /* Targeter.app */ = {isa = PBXFileReference; explicitFileType = wrapper.application; includeInIndex = 0; path = Targeter.app; sourceTree = BUILT_PRODUCTS_DIR; };
		041EE52F1E70C010006D623B /* AppDelegate.swift */ = {isa = PBXFileReference; lastKnownFileType = sourcecode.swift; path = AppDelegate.swift; sourceTree = "<group>"; };
		041EE5341E70C011006D623B /* Base */ = {isa = PBXFileReference; lastKnownFileType = file.storyboard; name = Base; path = Base.lproj/Main.storyboard; sourceTree = "<group>"; };
		041EE5361E70C011006D623B /* Assets.xcassets */ = {isa = PBXFileReference; lastKnownFileType = folder.assetcatalog; path = Assets.xcassets; sourceTree = "<group>"; };
		041EE5391E70C011006D623B /* Base */ = {isa = PBXFileReference; lastKnownFileType = file.storyboard; name = Base; path = Base.lproj/LaunchScreen.storyboard; sourceTree = "<group>"; };
		041EE53B1E70C011006D623B /* Info.plist */ = {isa = PBXFileReference; lastKnownFileType = text.plist.xml; path = Info.plist; sourceTree = "<group>"; };
		041EE5401E70C012006D623B /* TargeterTests.xctest */ = {isa = PBXFileReference; explicitFileType = wrapper.cfbundle; includeInIndex = 0; path = TargeterTests.xctest; sourceTree = BUILT_PRODUCTS_DIR; };
		041EE5441E70C012006D623B /* TargeterTests.swift */ = {isa = PBXFileReference; lastKnownFileType = sourcecode.swift; path = TargeterTests.swift; sourceTree = "<group>"; };
		041EE5461E70C012006D623B /* Info.plist */ = {isa = PBXFileReference; lastKnownFileType = text.plist.xml; path = Info.plist; sourceTree = "<group>"; };
		041EE54B1E70C012006D623B /* TargeterUITests.xctest */ = {isa = PBXFileReference; explicitFileType = wrapper.cfbundle; includeInIndex = 0; path = TargeterUITests.xctest; sourceTree = BUILT_PRODUCTS_DIR; };
		041EE54F1E70C012006D623B /* TargeterUITests.swift */ = {isa = PBXFileReference; lastKnownFileType = sourcecode.swift; path = TargeterUITests.swift; sourceTree = "<group>"; };
		041EE5511E70C012006D623B /* Info.plist */ = {isa = PBXFileReference; lastKnownFileType = text.plist.xml; path = Info.plist; sourceTree = "<group>"; };
		041EE5621E70C1CD006D623B /* Model.xcdatamodel */ = {isa = PBXFileReference; lastKnownFileType = wrapper.xcdatamodel; path = Model.xcdatamodel; sourceTree = "<group>"; };
		041EE5641E70C23B006D623B /* CoreDataStack.swift */ = {isa = PBXFileReference; fileEncoding = 4; lastKnownFileType = sourcecode.swift; path = CoreDataStack.swift; sourceTree = "<group>"; };
		041EE5661E70D05B006D623B /* Success+CoreDataClass.swift */ = {isa = PBXFileReference; fileEncoding = 4; lastKnownFileType = sourcecode.swift; name = "Success+CoreDataClass.swift"; path = "../Success+CoreDataClass.swift"; sourceTree = "<group>"; };
		041EE5671E70D05C006D623B /* Success+CoreDataProperties.swift */ = {isa = PBXFileReference; fileEncoding = 4; lastKnownFileType = sourcecode.swift; name = "Success+CoreDataProperties.swift"; path = "../Success+CoreDataProperties.swift"; sourceTree = "<group>"; };
		041EE5681E70D05C006D623B /* Target+CoreDataClass.swift */ = {isa = PBXFileReference; fileEncoding = 4; lastKnownFileType = sourcecode.swift; lineEnding = 0; name = "Target+CoreDataClass.swift"; path = "../Target+CoreDataClass.swift"; sourceTree = "<group>"; };
		041EE5691E70D05C006D623B /* Target+CoreDataProperties.swift */ = {isa = PBXFileReference; fileEncoding = 4; lastKnownFileType = sourcecode.swift; name = "Target+CoreDataProperties.swift"; path = "../Target+CoreDataProperties.swift"; sourceTree = "<group>"; };
		041EE56A1E70D05C006D623B /* Schedule+CoreDataClass.swift */ = {isa = PBXFileReference; fileEncoding = 4; lastKnownFileType = sourcecode.swift; name = "Schedule+CoreDataClass.swift"; path = "../Schedule+CoreDataClass.swift"; sourceTree = "<group>"; };
		041EE56B1E70D05C006D623B /* Schedule+CoreDataProperties.swift */ = {isa = PBXFileReference; fileEncoding = 4; lastKnownFileType = sourcecode.swift; name = "Schedule+CoreDataProperties.swift"; path = "../Schedule+CoreDataProperties.swift"; sourceTree = "<group>"; };
		041EE5721E70E4A7006D623B /* TargetsVC.swift */ = {isa = PBXFileReference; fileEncoding = 4; lastKnownFileType = sourcecode.swift; path = TargetsVC.swift; sourceTree = "<group>"; };
		041EE5741E70FD6F006D623B /* AddTargetVC.swift */ = {isa = PBXFileReference; fileEncoding = 4; lastKnownFileType = sourcecode.swift; path = AddTargetVC.swift; sourceTree = "<group>"; };
		04416CFC1E774541003BCDD3 /* FlickrClient.swift */ = {isa = PBXFileReference; fileEncoding = 4; lastKnownFileType = sourcecode.swift; path = FlickrClient.swift; sourceTree = "<group>"; };
		04416CFD1E774541003BCDD3 /* FlickrConstants.swift */ = {isa = PBXFileReference; fileEncoding = 4; lastKnownFileType = sourcecode.swift; path = FlickrConstants.swift; sourceTree = "<group>"; };
		04416D001E77B915003BCDD3 /* ImageCell.swift */ = {isa = PBXFileReference; fileEncoding = 4; lastKnownFileType = sourcecode.swift; path = ImageCell.swift; sourceTree = "<group>"; };
		044D57281E788D7C00AF1545 /* ImageSearch+CoreDataClass.swift */ = {isa = PBXFileReference; fileEncoding = 4; lastKnownFileType = sourcecode.swift; name = "ImageSearch+CoreDataClass.swift"; path = "../ImageSearch+CoreDataClass.swift"; sourceTree = "<group>"; };
		044D57291E788D7D00AF1545 /* ImageSearch+CoreDataProperties.swift */ = {isa = PBXFileReference; fileEncoding = 4; lastKnownFileType = sourcecode.swift; name = "ImageSearch+CoreDataProperties.swift"; path = "../ImageSearch+CoreDataProperties.swift"; sourceTree = "<group>"; };
		044D572A1E788D7D00AF1545 /* Image+CoreDataClass.swift */ = {isa = PBXFileReference; fileEncoding = 4; lastKnownFileType = sourcecode.swift; name = "Image+CoreDataClass.swift"; path = "../Image+CoreDataClass.swift"; sourceTree = "<group>"; };
		044D572B1E788D7D00AF1545 /* Image+CoreDataProperties.swift */ = {isa = PBXFileReference; fileEncoding = 4; lastKnownFileType = sourcecode.swift; name = "Image+CoreDataProperties.swift"; path = "../Image+CoreDataProperties.swift"; sourceTree = "<group>"; };
		044ED1431E77362800F61A33 /* ImageFromFlickerVC.swift */ = {isa = PBXFileReference; fileEncoding = 4; lastKnownFileType = sourcecode.swift; path = ImageFromFlickerVC.swift; sourceTree = "<group>"; };
		047A353D1E712CFB0084AD68 /* TargetCell.swift */ = {isa = PBXFileReference; fileEncoding = 4; lastKnownFileType = sourcecode.swift; path = TargetCell.swift; sourceTree = "<group>"; };
		0493A3A31E7F5FAA0018C5BE /* Extensions.swift */ = {isa = PBXFileReference; fileEncoding = 4; lastKnownFileType = sourcecode.swift; path = Extensions.swift; sourceTree = "<group>"; };
		536F5F43C4671A59853753D7 /* Pods-Targeter.debug.xcconfig */ = {isa = PBXFileReference; includeInIndex = 1; lastKnownFileType = text.xcconfig; name = "Pods-Targeter.debug.xcconfig"; path = "Pods/Target Support Files/Pods-Targeter/Pods-Targeter.debug.xcconfig"; sourceTree = "<group>"; };
		61A29D74825722BA7F22B33F /* Pods-Targeter.release.xcconfig */ = {isa = PBXFileReference; includeInIndex = 1; lastKnownFileType = text.xcconfig; name = "Pods-Targeter.release.xcconfig"; path = "Pods/Target Support Files/Pods-Targeter/Pods-Targeter.release.xcconfig"; sourceTree = "<group>"; };
		C3C4132ADFA3D653ED1EF252 /* Pods_Targeter.framework */ = {isa = PBXFileReference; explicitFileType = wrapper.framework; includeInIndex = 0; path = Pods_Targeter.framework; sourceTree = BUILT_PRODUCTS_DIR; };
/* End PBXFileReference section */

/* Begin PBXFrameworksBuildPhase section */
		041EE5291E70C010006D623B /* Frameworks */ = {
			isa = PBXFrameworksBuildPhase;
			buildActionMask = 2147483647;
			files = (
				92DD6CAA7BD32A967C46C223 /* Pods_Targeter.framework in Frameworks */,
			);
			runOnlyForDeploymentPostprocessing = 0;
		};
		041EE53D1E70C012006D623B /* Frameworks */ = {
			isa = PBXFrameworksBuildPhase;
			buildActionMask = 2147483647;
			files = (
			);
			runOnlyForDeploymentPostprocessing = 0;
		};
		041EE5481E70C012006D623B /* Frameworks */ = {
			isa = PBXFrameworksBuildPhase;
			buildActionMask = 2147483647;
			files = (
			);
			runOnlyForDeploymentPostprocessing = 0;
		};
/* End PBXFrameworksBuildPhase section */

/* Begin PBXGroup section */
		041EE5231E70C010006D623B = {
			isa = PBXGroup;
			children = (
				041EE52E1E70C010006D623B /* Targeter */,
				041EE5431E70C012006D623B /* TargeterTests */,
				041EE54E1E70C012006D623B /* TargeterUITests */,
				041EE52D1E70C010006D623B /* Products */,
				D9556D9F4F0B1239E6E58107 /* Pods */,
				3B6BEEB3E51D04B610E83BCA /* Frameworks */,
			);
			sourceTree = "<group>";
		};
		041EE52D1E70C010006D623B /* Products */ = {
			isa = PBXGroup;
			children = (
				041EE52C1E70C010006D623B /* Targeter.app */,
				041EE5401E70C012006D623B /* TargeterTests.xctest */,
				041EE54B1E70C012006D623B /* TargeterUITests.xctest */,
			);
			name = Products;
			sourceTree = "<group>";
		};
		041EE52E1E70C010006D623B /* Targeter */ = {
			isa = PBXGroup;
			children = (
				047A353C1E712C250084AD68 /* View */,
				041EE5601E70C11A006D623B /* Controller */,
				041EE55D1E70C0EE006D623B /* Model */,
				041EE52F1E70C010006D623B /* AppDelegate.swift */,
				041EE5331E70C011006D623B /* Main.storyboard */,
				041EE5361E70C011006D623B /* Assets.xcassets */,
				041EE5381E70C011006D623B /* LaunchScreen.storyboard */,
				041EE53B1E70C011006D623B /* Info.plist */,
			);
			path = Targeter;
			sourceTree = "<group>";
		};
		041EE5431E70C012006D623B /* TargeterTests */ = {
			isa = PBXGroup;
			children = (
				041EE5441E70C012006D623B /* TargeterTests.swift */,
				041EE5461E70C012006D623B /* Info.plist */,
			);
			path = TargeterTests;
			sourceTree = "<group>";
		};
		041EE54E1E70C012006D623B /* TargeterUITests */ = {
			isa = PBXGroup;
			children = (
				041EE54F1E70C012006D623B /* TargeterUITests.swift */,
				041EE5511E70C012006D623B /* Info.plist */,
			);
			path = TargeterUITests;
			sourceTree = "<group>";
		};
		041EE55D1E70C0EE006D623B /* Model */ = {
			isa = PBXGroup;
			children = (
				041EE55F1E70C100006D623B /* Flickr */,
				041EE55E1E70C0F6006D623B /* CoreData */,
			);
			name = Model;
			sourceTree = "<group>";
		};
		041EE55E1E70C0F6006D623B /* CoreData */ = {
			isa = PBXGroup;
			children = (
				044D57281E788D7C00AF1545 /* ImageSearch+CoreDataClass.swift */,
				044D57291E788D7D00AF1545 /* ImageSearch+CoreDataProperties.swift */,
				044D572A1E788D7D00AF1545 /* Image+CoreDataClass.swift */,
				044D572B1E788D7D00AF1545 /* Image+CoreDataProperties.swift */,
				041EE5661E70D05B006D623B /* Success+CoreDataClass.swift */,
				041EE5671E70D05C006D623B /* Success+CoreDataProperties.swift */,
				041EE5681E70D05C006D623B /* Target+CoreDataClass.swift */,
				041EE5691E70D05C006D623B /* Target+CoreDataProperties.swift */,
				041EE56A1E70D05C006D623B /* Schedule+CoreDataClass.swift */,
				041EE56B1E70D05C006D623B /* Schedule+CoreDataProperties.swift */,
				041EE5611E70C1CD006D623B /* Model.xcdatamodeld */,
				041EE5641E70C23B006D623B /* CoreDataStack.swift */,
			);
			name = CoreData;
			sourceTree = "<group>";
		};
		041EE55F1E70C100006D623B /* Flickr */ = {
			isa = PBXGroup;
			children = (
				04416CFC1E774541003BCDD3 /* FlickrClient.swift */,
				04416CFD1E774541003BCDD3 /* FlickrConstants.swift */,
			);
			name = Flickr;
			sourceTree = "<group>";
		};
		041EE5601E70C11A006D623B /* Controller */ = {
			isa = PBXGroup;
			children = (
				041EE5721E70E4A7006D623B /* TargetsVC.swift */,
				041EE5741E70FD6F006D623B /* AddTargetVC.swift */,
				044ED1431E77362800F61A33 /* ImageFromFlickerVC.swift */,
				0493A3A31E7F5FAA0018C5BE /* Extensions.swift */,
			);
			name = Controller;
			sourceTree = "<group>";
		};
		047A353C1E712C250084AD68 /* View */ = {
			isa = PBXGroup;
			children = (
				047A353D1E712CFB0084AD68 /* TargetCell.swift */,
				04416D001E77B915003BCDD3 /* ImageCell.swift */,
			);
			name = View;
			sourceTree = "<group>";
		};
		3B6BEEB3E51D04B610E83BCA /* Frameworks */ = {
			isa = PBXGroup;
			children = (
				C3C4132ADFA3D653ED1EF252 /* Pods_Targeter.framework */,
			);
			name = Frameworks;
			sourceTree = "<group>";
		};
		D9556D9F4F0B1239E6E58107 /* Pods */ = {
			isa = PBXGroup;
			children = (
				536F5F43C4671A59853753D7 /* Pods-Targeter.debug.xcconfig */,
				61A29D74825722BA7F22B33F /* Pods-Targeter.release.xcconfig */,
			);
			name = Pods;
			sourceTree = "<group>";
		};
/* End PBXGroup section */

/* Begin PBXNativeTarget section */
		041EE52B1E70C010006D623B /* Targeter */ = {
			isa = PBXNativeTarget;
			buildConfigurationList = 041EE5541E70C012006D623B /* Build configuration list for PBXNativeTarget "Targeter" */;
			buildPhases = (
				D4085BF14A15EC48A35A5752 /* [CP] Check Pods Manifest.lock */,
				041EE5281E70C010006D623B /* Sources */,
				041EE5291E70C010006D623B /* Frameworks */,
				041EE52A1E70C010006D623B /* Resources */,
				AAFF2523604069B75D5B4F61 /* [CP] Embed Pods Frameworks */,
				F28A06E05231308E4D5C6269 /* [CP] Copy Pods Resources */,
			);
			buildRules = (
			);
			dependencies = (
			);
			name = Targeter;
			productName = Targeter;
			productReference = 041EE52C1E70C010006D623B /* Targeter.app */;
			productType = "com.apple.product-type.application";
		};
		041EE53F1E70C012006D623B /* TargeterTests */ = {
			isa = PBXNativeTarget;
			buildConfigurationList = 041EE5571E70C012006D623B /* Build configuration list for PBXNativeTarget "TargeterTests" */;
			buildPhases = (
				041EE53C1E70C012006D623B /* Sources */,
				041EE53D1E70C012006D623B /* Frameworks */,
				041EE53E1E70C012006D623B /* Resources */,
			);
			buildRules = (
			);
			dependencies = (
				041EE5421E70C012006D623B /* PBXTargetDependency */,
			);
			name = TargeterTests;
			productName = TargeterTests;
			productReference = 041EE5401E70C012006D623B /* TargeterTests.xctest */;
			productType = "com.apple.product-type.bundle.unit-test";
		};
		041EE54A1E70C012006D623B /* TargeterUITests */ = {
			isa = PBXNativeTarget;
			buildConfigurationList = 041EE55A1E70C012006D623B /* Build configuration list for PBXNativeTarget "TargeterUITests" */;
			buildPhases = (
				041EE5471E70C012006D623B /* Sources */,
				041EE5481E70C012006D623B /* Frameworks */,
				041EE5491E70C012006D623B /* Resources */,
			);
			buildRules = (
			);
			dependencies = (
				041EE54D1E70C012006D623B /* PBXTargetDependency */,
			);
			name = TargeterUITests;
			productName = TargeterUITests;
			productReference = 041EE54B1E70C012006D623B /* TargeterUITests.xctest */;
			productType = "com.apple.product-type.bundle.ui-testing";
		};
/* End PBXNativeTarget section */

/* Begin PBXProject section */
		041EE5241E70C010006D623B /* Project object */ = {
			isa = PBXProject;
			attributes = {
				LastSwiftUpdateCheck = 0820;
				LastUpgradeCheck = 0820;
				ORGANIZATIONNAME = Alder;
				TargetAttributes = {
					041EE52B1E70C010006D623B = {
						CreatedOnToolsVersion = 8.2.1;
						DevelopmentTeam = M42UQ7H3R2;
						ProvisioningStyle = Automatic;
					};
					041EE53F1E70C012006D623B = {
						CreatedOnToolsVersion = 8.2.1;
						DevelopmentTeam = M42UQ7H3R2;
						ProvisioningStyle = Automatic;
						TestTargetID = 041EE52B1E70C010006D623B;
					};
					041EE54A1E70C012006D623B = {
						CreatedOnToolsVersion = 8.2.1;
						DevelopmentTeam = M42UQ7H3R2;
						ProvisioningStyle = Automatic;
						TestTargetID = 041EE52B1E70C010006D623B;
					};
				};
			};
			buildConfigurationList = 041EE5271E70C010006D623B /* Build configuration list for PBXProject "Targeter" */;
			compatibilityVersion = "Xcode 3.2";
			developmentRegion = English;
			hasScannedForEncodings = 0;
			knownRegions = (
				en,
				Base,
			);
			mainGroup = 041EE5231E70C010006D623B;
			productRefGroup = 041EE52D1E70C010006D623B /* Products */;
			projectDirPath = "";
			projectRoot = "";
			targets = (
				041EE52B1E70C010006D623B /* Targeter */,
				041EE53F1E70C012006D623B /* TargeterTests */,
				041EE54A1E70C012006D623B /* TargeterUITests */,
			);
		};
/* End PBXProject section */

/* Begin PBXResourcesBuildPhase section */
		041EE52A1E70C010006D623B /* Resources */ = {
			isa = PBXResourcesBuildPhase;
			buildActionMask = 2147483647;
			files = (
				041EE53A1E70C011006D623B /* LaunchScreen.storyboard in Resources */,
				041EE5371E70C011006D623B /* Assets.xcassets in Resources */,
				041EE5351E70C011006D623B /* Main.storyboard in Resources */,
			);
			runOnlyForDeploymentPostprocessing = 0;
		};
		041EE53E1E70C012006D623B /* Resources */ = {
			isa = PBXResourcesBuildPhase;
			buildActionMask = 2147483647;
			files = (
			);
			runOnlyForDeploymentPostprocessing = 0;
		};
		041EE5491E70C012006D623B /* Resources */ = {
			isa = PBXResourcesBuildPhase;
			buildActionMask = 2147483647;
			files = (
			);
			runOnlyForDeploymentPostprocessing = 0;
		};
/* End PBXResourcesBuildPhase section */

/* Begin PBXShellScriptBuildPhase section */
		AAFF2523604069B75D5B4F61 /* [CP] Embed Pods Frameworks */ = {
			isa = PBXShellScriptBuildPhase;
			buildActionMask = 2147483647;
			files = (
			);
			inputPaths = (
			);
			name = "[CP] Embed Pods Frameworks";
			outputPaths = (
			);
			runOnlyForDeploymentPostprocessing = 0;
			shellPath = /bin/sh;
			shellScript = "\"${SRCROOT}/Pods/Target Support Files/Pods-Targeter/Pods-Targeter-frameworks.sh\"\n";
			showEnvVarsInLog = 0;
		};
		D4085BF14A15EC48A35A5752 /* [CP] Check Pods Manifest.lock */ = {
			isa = PBXShellScriptBuildPhase;
			buildActionMask = 2147483647;
			files = (
			);
			inputPaths = (
			);
			name = "[CP] Check Pods Manifest.lock";
			outputPaths = (
			);
			runOnlyForDeploymentPostprocessing = 0;
			shellPath = /bin/sh;
			shellScript = "diff \"${PODS_ROOT}/../Podfile.lock\" \"${PODS_ROOT}/Manifest.lock\" > /dev/null\nif [ $? != 0 ] ; then\n    # print error to STDERR\n    echo \"error: The sandbox is not in sync with the Podfile.lock. Run 'pod install' or update your CocoaPods installation.\" >&2\n    exit 1\nfi\n";
			showEnvVarsInLog = 0;
		};
		F28A06E05231308E4D5C6269 /* [CP] Copy Pods Resources */ = {
			isa = PBXShellScriptBuildPhase;
			buildActionMask = 2147483647;
			files = (
			);
			inputPaths = (
			);
			name = "[CP] Copy Pods Resources";
			outputPaths = (
			);
			runOnlyForDeploymentPostprocessing = 0;
			shellPath = /bin/sh;
			shellScript = "\"${SRCROOT}/Pods/Target Support Files/Pods-Targeter/Pods-Targeter-resources.sh\"\n";
			showEnvVarsInLog = 0;
		};
/* End PBXShellScriptBuildPhase section */

/* Begin PBXSourcesBuildPhase section */
		041EE5281E70C010006D623B /* Sources */ = {
			isa = PBXSourcesBuildPhase;
			buildActionMask = 2147483647;
			files = (
				041EE5701E70D05C006D623B /* Schedule+CoreDataClass.swift in Sources */,
				04416CFF1E774541003BCDD3 /* FlickrConstants.swift in Sources */,
				041EE5711E70D05C006D623B /* Schedule+CoreDataProperties.swift in Sources */,
				044D572D1E788D7D00AF1545 /* ImageSearch+CoreDataProperties.swift in Sources */,
				047A353E1E712CFB0084AD68 /* TargetCell.swift in Sources */,
				041EE5731E70E4A7006D623B /* TargetsVC.swift in Sources */,
				041EE5301E70C010006D623B /* AppDelegate.swift in Sources */,
				041EE56D1E70D05C006D623B /* Success+CoreDataProperties.swift in Sources */,
				041EE56E1E70D05C006D623B /* Target+CoreDataClass.swift in Sources */,
				041EE56F1E70D05C006D623B /* Target+CoreDataProperties.swift in Sources */,
				041EE56C1E70D05C006D623B /* Success+CoreDataClass.swift in Sources */,
				044D572F1E788D7D00AF1545 /* Image+CoreDataProperties.swift in Sources */,
				04416CFE1E774541003BCDD3 /* FlickrClient.swift in Sources */,
				0493A3A41E7F5FAA0018C5BE /* Extensions.swift in Sources */,
				044ED1441E77362800F61A33 /* ImageFromFlickerVC.swift in Sources */,
				041EE5751E70FD6F006D623B /* AddTargetVC.swift in Sources */,
				04416D011E77B915003BCDD3 /* ImageCell.swift in Sources */,
				041EE5631E70C1CD006D623B /* Model.xcdatamodeld in Sources */,
				044D572E1E788D7D00AF1545 /* Image+CoreDataClass.swift in Sources */,
				044D572C1E788D7D00AF1545 /* ImageSearch+CoreDataClass.swift in Sources */,
				041EE5651E70C23B006D623B /* CoreDataStack.swift in Sources */,
			);
			runOnlyForDeploymentPostprocessing = 0;
		};
		041EE53C1E70C012006D623B /* Sources */ = {
			isa = PBXSourcesBuildPhase;
			buildActionMask = 2147483647;
			files = (
				041EE5451E70C012006D623B /* TargeterTests.swift in Sources */,
			);
			runOnlyForDeploymentPostprocessing = 0;
		};
		041EE5471E70C012006D623B /* Sources */ = {
			isa = PBXSourcesBuildPhase;
			buildActionMask = 2147483647;
			files = (
				041EE5501E70C012006D623B /* TargeterUITests.swift in Sources */,
			);
			runOnlyForDeploymentPostprocessing = 0;
		};
/* End PBXSourcesBuildPhase section */

/* Begin PBXTargetDependency section */
		041EE5421E70C012006D623B /* PBXTargetDependency */ = {
			isa = PBXTargetDependency;
			target = 041EE52B1E70C010006D623B /* Targeter */;
			targetProxy = 041EE5411E70C012006D623B /* PBXContainerItemProxy */;
		};
		041EE54D1E70C012006D623B /* PBXTargetDependency */ = {
			isa = PBXTargetDependency;
			target = 041EE52B1E70C010006D623B /* Targeter */;
			targetProxy = 041EE54C1E70C012006D623B /* PBXContainerItemProxy */;
		};
/* End PBXTargetDependency section */

/* Begin PBXVariantGroup section */
		041EE5331E70C011006D623B /* Main.storyboard */ = {
			isa = PBXVariantGroup;
			children = (
				041EE5341E70C011006D623B /* Base */,
			);
			name = Main.storyboard;
			sourceTree = "<group>";
		};
		041EE5381E70C011006D623B /* LaunchScreen.storyboard */ = {
			isa = PBXVariantGroup;
			children = (
				041EE5391E70C011006D623B /* Base */,
			);
			name = LaunchScreen.storyboard;
			sourceTree = "<group>";
		};
/* End PBXVariantGroup section */

/* Begin XCBuildConfiguration section */
		041EE5521E70C012006D623B /* Debug */ = {
			isa = XCBuildConfiguration;
			buildSettings = {
				ALWAYS_SEARCH_USER_PATHS = NO;
				CLANG_ANALYZER_NONNULL = YES;
				CLANG_CXX_LANGUAGE_STANDARD = "gnu++0x";
				CLANG_CXX_LIBRARY = "libc++";
				CLANG_ENABLE_MODULES = YES;
				CLANG_ENABLE_OBJC_ARC = YES;
				CLANG_WARN_BOOL_CONVERSION = YES;
				CLANG_WARN_CONSTANT_CONVERSION = YES;
				CLANG_WARN_DIRECT_OBJC_ISA_USAGE = YES_ERROR;
				CLANG_WARN_DOCUMENTATION_COMMENTS = YES;
				CLANG_WARN_EMPTY_BODY = YES;
				CLANG_WARN_ENUM_CONVERSION = YES;
				CLANG_WARN_INFINITE_RECURSION = YES;
				CLANG_WARN_INT_CONVERSION = YES;
				CLANG_WARN_OBJC_ROOT_CLASS = YES_ERROR;
				CLANG_WARN_SUSPICIOUS_MOVE = YES;
				CLANG_WARN_UNREACHABLE_CODE = YES;
				CLANG_WARN__DUPLICATE_METHOD_MATCH = YES;
				"CODE_SIGN_IDENTITY[sdk=iphoneos*]" = "iPhone Developer";
				COPY_PHASE_STRIP = NO;
				DEBUG_INFORMATION_FORMAT = dwarf;
				ENABLE_STRICT_OBJC_MSGSEND = YES;
				ENABLE_TESTABILITY = YES;
				GCC_C_LANGUAGE_STANDARD = gnu99;
				GCC_DYNAMIC_NO_PIC = NO;
				GCC_NO_COMMON_BLOCKS = YES;
				GCC_OPTIMIZATION_LEVEL = 0;
				GCC_PREPROCESSOR_DEFINITIONS = (
					"DEBUG=1",
					"$(inherited)",
				);
				GCC_WARN_64_TO_32_BIT_CONVERSION = YES;
				GCC_WARN_ABOUT_RETURN_TYPE = YES_ERROR;
				GCC_WARN_UNDECLARED_SELECTOR = YES;
				GCC_WARN_UNINITIALIZED_AUTOS = YES_AGGRESSIVE;
				GCC_WARN_UNUSED_FUNCTION = YES;
				GCC_WARN_UNUSED_VARIABLE = YES;
				IPHONEOS_DEPLOYMENT_TARGET = 10.2;
				MTL_ENABLE_DEBUG_INFO = YES;
				ONLY_ACTIVE_ARCH = YES;
				SDKROOT = iphoneos;
				SWIFT_ACTIVE_COMPILATION_CONDITIONS = DEBUG;
				SWIFT_OPTIMIZATION_LEVEL = "-Onone";
				TARGETED_DEVICE_FAMILY = "1,2";
			};
			name = Debug;
		};
		041EE5531E70C012006D623B /* Release */ = {
			isa = XCBuildConfiguration;
			buildSettings = {
				ALWAYS_SEARCH_USER_PATHS = NO;
				CLANG_ANALYZER_NONNULL = YES;
				CLANG_CXX_LANGUAGE_STANDARD = "gnu++0x";
				CLANG_CXX_LIBRARY = "libc++";
				CLANG_ENABLE_MODULES = YES;
				CLANG_ENABLE_OBJC_ARC = YES;
				CLANG_WARN_BOOL_CONVERSION = YES;
				CLANG_WARN_CONSTANT_CONVERSION = YES;
				CLANG_WARN_DIRECT_OBJC_ISA_USAGE = YES_ERROR;
				CLANG_WARN_DOCUMENTATION_COMMENTS = YES;
				CLANG_WARN_EMPTY_BODY = YES;
				CLANG_WARN_ENUM_CONVERSION = YES;
				CLANG_WARN_INFINITE_RECURSION = YES;
				CLANG_WARN_INT_CONVERSION = YES;
				CLANG_WARN_OBJC_ROOT_CLASS = YES_ERROR;
				CLANG_WARN_SUSPICIOUS_MOVE = YES;
				CLANG_WARN_UNREACHABLE_CODE = YES;
				CLANG_WARN__DUPLICATE_METHOD_MATCH = YES;
				"CODE_SIGN_IDENTITY[sdk=iphoneos*]" = "iPhone Developer";
				COPY_PHASE_STRIP = NO;
				DEBUG_INFORMATION_FORMAT = "dwarf-with-dsym";
				ENABLE_NS_ASSERTIONS = NO;
				ENABLE_STRICT_OBJC_MSGSEND = YES;
				GCC_C_LANGUAGE_STANDARD = gnu99;
				GCC_NO_COMMON_BLOCKS = YES;
				GCC_WARN_64_TO_32_BIT_CONVERSION = YES;
				GCC_WARN_ABOUT_RETURN_TYPE = YES_ERROR;
				GCC_WARN_UNDECLARED_SELECTOR = YES;
				GCC_WARN_UNINITIALIZED_AUTOS = YES_AGGRESSIVE;
				GCC_WARN_UNUSED_FUNCTION = YES;
				GCC_WARN_UNUSED_VARIABLE = YES;
				IPHONEOS_DEPLOYMENT_TARGET = 10.2;
				MTL_ENABLE_DEBUG_INFO = NO;
				SDKROOT = iphoneos;
				SWIFT_OPTIMIZATION_LEVEL = "-Owholemodule";
				TARGETED_DEVICE_FAMILY = "1,2";
				VALIDATE_PRODUCT = YES;
			};
			name = Release;
		};
		041EE5551E70C012006D623B /* Debug */ = {
			isa = XCBuildConfiguration;
			baseConfigurationReference = 536F5F43C4671A59853753D7 /* Pods-Targeter.debug.xcconfig */;
			buildSettings = {
				ASSETCATALOG_COMPILER_APPICON_NAME = AppIcon;
				DEVELOPMENT_TEAM = M42UQ7H3R2;
				INFOPLIST_FILE = Targeter/Info.plist;
				LD_RUNPATH_SEARCH_PATHS = "$(inherited) @executable_path/Frameworks";
				PRODUCT_BUNDLE_IDENTIFIER = com.alder.Targeter;
				PRODUCT_NAME = "$(TARGET_NAME)";
				SWIFT_VERSION = 3.0;
			};
			name = Debug;
		};
		041EE5561E70C012006D623B /* Release */ = {
			isa = XCBuildConfiguration;
			baseConfigurationReference = 61A29D74825722BA7F22B33F /* Pods-Targeter.release.xcconfig */;
			buildSettings = {
				ASSETCATALOG_COMPILER_APPICON_NAME = AppIcon;
				DEVELOPMENT_TEAM = M42UQ7H3R2;
				INFOPLIST_FILE = Targeter/Info.plist;
				LD_RUNPATH_SEARCH_PATHS = "$(inherited) @executable_path/Frameworks";
				PRODUCT_BUNDLE_IDENTIFIER = com.alder.Targeter;
				PRODUCT_NAME = "$(TARGET_NAME)";
				SWIFT_VERSION = 3.0;
			};
			name = Release;
		};
		041EE5581E70C012006D623B /* Debug */ = {
			isa = XCBuildConfiguration;
			buildSettings = {
				ALWAYS_EMBED_SWIFT_STANDARD_LIBRARIES = YES;
				BUNDLE_LOADER = "$(TEST_HOST)";
				DEVELOPMENT_TEAM = M42UQ7H3R2;
				INFOPLIST_FILE = TargeterTests/Info.plist;
				LD_RUNPATH_SEARCH_PATHS = "$(inherited) @executable_path/Frameworks @loader_path/Frameworks";
				PRODUCT_BUNDLE_IDENTIFIER = com.alder.TargeterTests;
				PRODUCT_NAME = "$(TARGET_NAME)";
				SWIFT_VERSION = 3.0;
				TEST_HOST = "$(BUILT_PRODUCTS_DIR)/Targeter.app/Targeter";
			};
			name = Debug;
		};
		041EE5591E70C012006D623B /* Release */ = {
			isa = XCBuildConfiguration;
			buildSettings = {
				ALWAYS_EMBED_SWIFT_STANDARD_LIBRARIES = YES;
				BUNDLE_LOADER = "$(TEST_HOST)";
				DEVELOPMENT_TEAM = M42UQ7H3R2;
				INFOPLIST_FILE = TargeterTests/Info.plist;
				LD_RUNPATH_SEARCH_PATHS = "$(inherited) @executable_path/Frameworks @loader_path/Frameworks";
				PRODUCT_BUNDLE_IDENTIFIER = com.alder.TargeterTests;
				PRODUCT_NAME = "$(TARGET_NAME)";
				SWIFT_VERSION = 3.0;
				TEST_HOST = "$(BUILT_PRODUCTS_DIR)/Targeter.app/Targeter";
			};
			name = Release;
		};
		041EE55B1E70C012006D623B /* Debug */ = {
			isa = XCBuildConfiguration;
			buildSettings = {
				ALWAYS_EMBED_SWIFT_STANDARD_LIBRARIES = YES;
				DEVELOPMENT_TEAM = M42UQ7H3R2;
				INFOPLIST_FILE = TargeterUITests/Info.plist;
				LD_RUNPATH_SEARCH_PATHS = "$(inherited) @executable_path/Frameworks @loader_path/Frameworks";
				PRODUCT_BUNDLE_IDENTIFIER = com.alder.TargeterUITests;
				PRODUCT_NAME = "$(TARGET_NAME)";
				SWIFT_VERSION = 3.0;
				TEST_TARGET_NAME = Targeter;
			};
			name = Debug;
		};
		041EE55C1E70C012006D623B /* Release */ = {
			isa = XCBuildConfiguration;
			buildSettings = {
				ALWAYS_EMBED_SWIFT_STANDARD_LIBRARIES = YES;
				DEVELOPMENT_TEAM = M42UQ7H3R2;
				INFOPLIST_FILE = TargeterUITests/Info.plist;
				LD_RUNPATH_SEARCH_PATHS = "$(inherited) @executable_path/Frameworks @loader_path/Frameworks";
				PRODUCT_BUNDLE_IDENTIFIER = com.alder.TargeterUITests;
				PRODUCT_NAME = "$(TARGET_NAME)";
				SWIFT_VERSION = 3.0;
				TEST_TARGET_NAME = Targeter;
			};
			name = Release;
		};
/* End XCBuildConfiguration section */

/* Begin XCConfigurationList section */
		041EE5271E70C010006D623B /* Build configuration list for PBXProject "Targeter" */ = {
			isa = XCConfigurationList;
			buildConfigurations = (
				041EE5521E70C012006D623B /* Debug */,
				041EE5531E70C012006D623B /* Release */,
			);
			defaultConfigurationIsVisible = 0;
			defaultConfigurationName = Release;
		};
		041EE5541E70C012006D623B /* Build configuration list for PBXNativeTarget "Targeter" */ = {
			isa = XCConfigurationList;
			buildConfigurations = (
				041EE5551E70C012006D623B /* Debug */,
				041EE5561E70C012006D623B /* Release */,
			);
			defaultConfigurationIsVisible = 0;
			defaultConfigurationName = Release;
		};
		041EE5571E70C012006D623B /* Build configuration list for PBXNativeTarget "TargeterTests" */ = {
			isa = XCConfigurationList;
			buildConfigurations = (
				041EE5581E70C012006D623B /* Debug */,
				041EE5591E70C012006D623B /* Release */,
			);
			defaultConfigurationIsVisible = 0;
			defaultConfigurationName = Release;
		};
		041EE55A1E70C012006D623B /* Build configuration list for PBXNativeTarget "TargeterUITests" */ = {
			isa = XCConfigurationList;
			buildConfigurations = (
				041EE55B1E70C012006D623B /* Debug */,
				041EE55C1E70C012006D623B /* Release */,
			);
			defaultConfigurationIsVisible = 0;
			defaultConfigurationName = Release;
		};
/* End XCConfigurationList section */

/* Begin XCVersionGroup section */
		041EE5611E70C1CD006D623B /* Model.xcdatamodeld */ = {
			isa = XCVersionGroup;
			children = (
				041EE5621E70C1CD006D623B /* Model.xcdatamodel */,
			);
			currentVersion = 041EE5621E70C1CD006D623B /* Model.xcdatamodel */;
			path = Model.xcdatamodeld;
			sourceTree = "<group>";
			versionGroupType = wrapper.xcdatamodel;
		};
/* End XCVersionGroup section */
	};
	rootObject = 041EE5241E70C010006D623B /* Project object */;
}
